// !$*UTF8*$!
{
	archiveVersion = 1;
	classes = {
	};
	objectVersion = 46;
	objects = {

/* Begin PBXBuildFile section */
		090671AF1CC71BF300C80599 /* EUExWheelPickView.h in CopyFiles */ = {isa = PBXBuildFile; fileRef = 090671AE1CC71BF300C80599 /* EUExWheelPickView.h */; };
		090671B11CC71BF300C80599 /* EUExWheelPickView.m in Sources */ = {isa = PBXBuildFile; fileRef = 090671B01CC71BF300C80599 /* EUExWheelPickView.m */; };
/* End PBXBuildFile section */

/* Begin PBXCopyFilesBuildPhase section */
		090671A91CC71BF300C80599 /* CopyFiles */ = {
			isa = PBXCopyFilesBuildPhase;
			buildActionMask = 2147483647;
			dstPath = "include/$(PRODUCT_NAME)";
			dstSubfolderSpec = 16;
			files = (
				090671AF1CC71BF300C80599 /* EUExWheelPickView.h in CopyFiles */,
			);
			runOnlyForDeploymentPostprocessing = 0;
		};
/* End PBXCopyFilesBuildPhase section */

/* Begin PBXFileReference section */
		090671AB1CC71BF300C80599 /* libuexWheelPickView.a */ = {isa = PBXFileReference; explicitFileType = archive.ar; includeInIndex = 0; path = libuexWheelPickView.a; sourceTree = BUILT_PRODUCTS_DIR; };
		090671AE1CC71BF300C80599 /* EUExWheelPickView.h */ = {isa = PBXFileReference; lastKnownFileType = sourcecode.c.h; path = EUExWheelPickView.h; sourceTree = "<group>"; };
		090671B01CC71BF300C80599 /* EUExWheelPickView.m */ = {isa = PBXFileReference; lastKnownFileType = sourcecode.c.objc; path = EUExWheelPickView.m; sourceTree = "<group>"; };
		090671C41CC71E1900C80599 /* JSON.h */ = {isa = PBXFileReference; fileEncoding = 4; lastKnownFileType = sourcecode.c.h; path = JSON.h; sourceTree = "<group>"; };
		090671C51CC71E1900C80599 /* JSONParser.h */ = {isa = PBXFileReference; fileEncoding = 4; lastKnownFileType = sourcecode.c.h; path = JSONParser.h; sourceTree = "<group>"; };
		090671C61CC71E1900C80599 /* MD5Digest.h */ = {isa = PBXFileReference; fileEncoding = 4; lastKnownFileType = sourcecode.c.h; path = MD5Digest.h; sourceTree = "<group>"; };
		090671C71CC71E1900C80599 /* NSObject+SBJSON.h */ = {isa = PBXFileReference; fileEncoding = 4; lastKnownFileType = sourcecode.c.h; path = "NSObject+SBJSON.h"; sourceTree = "<group>"; };
		090671C81CC71E1900C80599 /* NSString+SBJSON.h */ = {isa = PBXFileReference; fileEncoding = 4; lastKnownFileType = sourcecode.c.h; path = "NSString+SBJSON.h"; sourceTree = "<group>"; };
		090671C91CC71E1900C80599 /* SBJSON.h */ = {isa = PBXFileReference; fileEncoding = 4; lastKnownFileType = sourcecode.c.h; path = SBJSON.h; sourceTree = "<group>"; };
		090671CA1CC71E1900C80599 /* SBJsonBase.h */ = {isa = PBXFileReference; fileEncoding = 4; lastKnownFileType = sourcecode.c.h; path = SBJsonBase.h; sourceTree = "<group>"; };
		090671CB1CC71E1900C80599 /* SBJsonParser.h */ = {isa = PBXFileReference; fileEncoding = 4; lastKnownFileType = sourcecode.c.h; path = SBJsonParser.h; sourceTree = "<group>"; };
		090671CC1CC71E1900C80599 /* SBJsonWriter.h */ = {isa = PBXFileReference; fileEncoding = 4; lastKnownFileType = sourcecode.c.h; path = SBJsonWriter.h; sourceTree = "<group>"; };
		090671D61CC72B1500C80599 /* EUExBase.h */ = {isa = PBXFileReference; fileEncoding = 4; lastKnownFileType = sourcecode.c.h; path = EUExBase.h; sourceTree = "<group>"; };
		090671D71CC72B1500C80599 /* EUExBaseDefine.h */ = {isa = PBXFileReference; fileEncoding = 4; lastKnownFileType = sourcecode.c.h; path = EUExBaseDefine.h; sourceTree = "<group>"; };
		090671D81CC72B1500C80599 /* EUtility.h */ = {isa = PBXFileReference; fileEncoding = 4; lastKnownFileType = sourcecode.c.h; path = EUtility.h; sourceTree = "<group>"; };
/* End PBXFileReference section */

/* Begin PBXFrameworksBuildPhase section */
		090671A81CC71BF300C80599 /* Frameworks */ = {
			isa = PBXFrameworksBuildPhase;
			buildActionMask = 2147483647;
			files = (
			);
			runOnlyForDeploymentPostprocessing = 0;
		};
/* End PBXFrameworksBuildPhase section */

/* Begin PBXGroup section */
		090671A21CC71BF200C80599 = {
			isa = PBXGroup;
			children = (
				090671AD1CC71BF300C80599 /* EUExWheelPickView */,
				090671AC1CC71BF300C80599 /* Products */,
			);
			sourceTree = "<group>";
		};
		090671AC1CC71BF300C80599 /* Products */ = {
			isa = PBXGroup;
			children = (
				090671AB1CC71BF300C80599 /* libuexWheelPickView.a */,
			);
			name = Products;
			sourceTree = "<group>";
		};
		090671AD1CC71BF300C80599 /* EUExWheelPickView */ = {
			isa = PBXGroup;
			children = (
				090671BD1CC71E1900C80599 /* sourceCode */,
				090671AE1CC71BF300C80599 /* EUExWheelPickView.h */,
				090671B01CC71BF300C80599 /* EUExWheelPickView.m */,
			);
			path = EUExWheelPickView;
			sourceTree = "<group>";
		};
		090671BD1CC71E1900C80599 /* sourceCode */ = {
			isa = PBXGroup;
			children = (
				090671D51CC72B1500C80599 /* engineHeader */,
				090671C31CC71E1900C80599 /* JSON */,
			);
			path = sourceCode;
			sourceTree = "<group>";
		};
		090671C31CC71E1900C80599 /* JSON */ = {
			isa = PBXGroup;
			children = (
				090671C41CC71E1900C80599 /* JSON.h */,
				090671C51CC71E1900C80599 /* JSONParser.h */,
				090671C61CC71E1900C80599 /* MD5Digest.h */,
				090671C71CC71E1900C80599 /* NSObject+SBJSON.h */,
				090671C81CC71E1900C80599 /* NSString+SBJSON.h */,
				090671C91CC71E1900C80599 /* SBJSON.h */,
				090671CA1CC71E1900C80599 /* SBJsonBase.h */,
				090671CB1CC71E1900C80599 /* SBJsonParser.h */,
				090671CC1CC71E1900C80599 /* SBJsonWriter.h */,
			);
			path = JSON;
			sourceTree = "<group>";
		};
		090671D51CC72B1500C80599 /* engineHeader */ = {
			isa = PBXGroup;
			children = (
				090671D61CC72B1500C80599 /* EUExBase.h */,
				090671D71CC72B1500C80599 /* EUExBaseDefine.h */,
				090671D81CC72B1500C80599 /* EUtility.h */,
			);
			path = engineHeader;
			sourceTree = "<group>";
		};
/* End PBXGroup section */

/* Begin PBXNativeTarget section */
		090671AA1CC71BF300C80599 /* EUExWheelPickView */ = {
			isa = PBXNativeTarget;
			buildConfigurationList = 090671B41CC71BF300C80599 /* Build configuration list for PBXNativeTarget "EUExWheelPickView" */;
			buildPhases = (
				090671A71CC71BF300C80599 /* Sources */,
				090671A81CC71BF300C80599 /* Frameworks */,
				090671A91CC71BF300C80599 /* CopyFiles */,
			);
			buildRules = (
			);
			dependencies = (
			);
			name = EUExWheelPickView;
			productName = EUExWheelPickView;
			productReference = 090671AB1CC71BF300C80599 /* libuexWheelPickView.a */;
			productType = "com.apple.product-type.library.static";
		};
/* End PBXNativeTarget section */

/* Begin PBXProject section */
		090671A31CC71BF200C80599 /* Project object */ = {
			isa = PBXProject;
			attributes = {
				LastUpgradeCheck = 0720;
				ORGANIZATIONNAME = "杨广";
				TargetAttributes = {
					090671AA1CC71BF300C80599 = {
						CreatedOnToolsVersion = 7.2;
						DevelopmentTeam = 66G34575QZ;
					};
				};
			};
			buildConfigurationList = 090671A61CC71BF300C80599 /* Build configuration list for PBXProject "EUExWheelPickView" */;
			compatibilityVersion = "Xcode 3.2";
			developmentRegion = English;
			hasScannedForEncodings = 0;
			knownRegions = (
				en,
			);
			mainGroup = 090671A21CC71BF200C80599;
			productRefGroup = 090671AC1CC71BF300C80599 /* Products */;
			projectDirPath = "";
			projectRoot = "";
			targets = (
				090671AA1CC71BF300C80599 /* EUExWheelPickView */,
			);
		};
/* End PBXProject section */

/* Begin PBXSourcesBuildPhase section */
		090671A71CC71BF300C80599 /* Sources */ = {
			isa = PBXSourcesBuildPhase;
			buildActionMask = 2147483647;
			files = (
				090671B11CC71BF300C80599 /* EUExWheelPickView.m in Sources */,
			);
			runOnlyForDeploymentPostprocessing = 0;
		};
/* End PBXSourcesBuildPhase section */

/* Begin XCBuildConfiguration section */
		090671B21CC71BF300C80599 /* Debug */ = {
			isa = XCBuildConfiguration;
			buildSettings = {
				ALWAYS_SEARCH_USER_PATHS = NO;
				CLANG_CXX_LANGUAGE_STANDARD = "gnu++0x";
				CLANG_CXX_LIBRARY = "libc++";
				CLANG_ENABLE_MODULES = YES;
				CLANG_ENABLE_OBJC_ARC = YES;
				CLANG_WARN_BOOL_CONVERSION = YES;
				CLANG_WARN_CONSTANT_CONVERSION = YES;
				CLANG_WARN_DIRECT_OBJC_ISA_USAGE = YES_ERROR;
				CLANG_WARN_EMPTY_BODY = YES;
				CLANG_WARN_ENUM_CONVERSION = YES;
				CLANG_WARN_INT_CONVERSION = YES;
				CLANG_WARN_OBJC_ROOT_CLASS = YES_ERROR;
				CLANG_WARN_UNREACHABLE_CODE = YES;
				CLANG_WARN__DUPLICATE_METHOD_MATCH = YES;
				"CODE_SIGN_IDENTITY[sdk=iphoneos*]" = "iPhone Developer";
				COPY_PHASE_STRIP = NO;
				DEBUG_INFORMATION_FORMAT = dwarf;
				ENABLE_STRICT_OBJC_MSGSEND = YES;
				ENABLE_TESTABILITY = YES;
				GCC_C_LANGUAGE_STANDARD = gnu99;
				GCC_DYNAMIC_NO_PIC = NO;
				GCC_NO_COMMON_BLOCKS = YES;
				GCC_OPTIMIZATION_LEVEL = 0;
				GCC_PREPROCESSOR_DEFINITIONS = (
					"DEBUG=1",
					"$(inherited)",
				);
				GCC_WARN_64_TO_32_BIT_CONVERSION = YES;
				GCC_WARN_ABOUT_RETURN_TYPE = YES_ERROR;
				GCC_WARN_UNDECLARED_SELECTOR = YES;
				GCC_WARN_UNINITIALIZED_AUTOS = YES_AGGRESSIVE;
				GCC_WARN_UNUSED_FUNCTION = YES;
				GCC_WARN_UNUSED_VARIABLE = YES;
				IPHONEOS_DEPLOYMENT_TARGET = 9.2;
				MTL_ENABLE_DEBUG_INFO = YES;
				ONLY_ACTIVE_ARCH = YES;
				SDKROOT = iphoneos;
			};
			name = Debug;
		};
		090671B31CC71BF300C80599 /* Release */ = {
			isa = XCBuildConfiguration;
			buildSettings = {
				ALWAYS_SEARCH_USER_PATHS = NO;
				CLANG_CXX_LANGUAGE_STANDARD = "gnu++0x";
				CLANG_CXX_LIBRARY = "libc++";
				CLANG_ENABLE_MODULES = YES;
				CLANG_ENABLE_OBJC_ARC = YES;
				CLANG_WARN_BOOL_CONVERSION = YES;
				CLANG_WARN_CONSTANT_CONVERSION = YES;
				CLANG_WARN_DIRECT_OBJC_ISA_USAGE = YES_ERROR;
				CLANG_WARN_EMPTY_BODY = YES;
				CLANG_WARN_ENUM_CONVERSION = YES;
				CLANG_WARN_INT_CONVERSION = YES;
				CLANG_WARN_OBJC_ROOT_CLASS = YES_ERROR;
				CLANG_WARN_UNREACHABLE_CODE = YES;
				CLANG_WARN__DUPLICATE_METHOD_MATCH = YES;
				"CODE_SIGN_IDENTITY[sdk=iphoneos*]" = "iPhone Developer";
				COPY_PHASE_STRIP = NO;
				DEBUG_INFORMATION_FORMAT = "dwarf-with-dsym";
				ENABLE_NS_ASSERTIONS = NO;
				ENABLE_STRICT_OBJC_MSGSEND = YES;
				GCC_C_LANGUAGE_STANDARD = gnu99;
				GCC_NO_COMMON_BLOCKS = YES;
				GCC_WARN_64_TO_32_BIT_CONVERSION = YES;
				GCC_WARN_ABOUT_RETURN_TYPE = YES_ERROR;
				GCC_WARN_UNDECLARED_SELECTOR = YES;
				GCC_WARN_UNINITIALIZED_AUTOS = YES_AGGRESSIVE;
				GCC_WARN_UNUSED_FUNCTION = YES;
				GCC_WARN_UNUSED_VARIABLE = YES;
				IPHONEOS_DEPLOYMENT_TARGET = 9.2;
				MTL_ENABLE_DEBUG_INFO = NO;
				SDKROOT = iphoneos;
				VALIDATE_PRODUCT = YES;
			};
			name = Release;
		};
		090671B51CC71BF300C80599 /* Debug */ = {
			isa = XCBuildConfiguration;
			buildSettings = {
				CONFIGURATION_BUILD_DIR = $SRCROOT/uexWheelPickView;
				OTHER_LDFLAGS = "-ObjC";
				PRODUCT_NAME = uexWheelPickView;
				SKIP_INSTALL = YES;
			};
			name = Debug;
		};
		090671B61CC71BF300C80599 /* Release */ = {
			isa = XCBuildConfiguration;
			buildSettings = {
				CONFIGURATION_BUILD_DIR = $SRCROOT/uexWheelPickView;
				OTHER_LDFLAGS = "-ObjC";
				PRODUCT_NAME = uexWheelPickView;
				SKIP_INSTALL = YES;
			};
			name = Release;
		};
/* End XCBuildConfiguration section */

/* Begin XCConfigurationList section */
		090671A61CC71BF300C80599 /* Build configuration list for PBXProject "EUExWheelPickView" */ = {
			isa = XCConfigurationList;
			buildConfigurations = (
				090671B21CC71BF300C80599 /* Debug */,
				090671B31CC71BF300C80599 /* Release */,
			);
			defaultConfigurationIsVisible = 0;
			defaultConfigurationName = Release;
		};
		090671B41CC71BF300C80599 /* Build configuration list for PBXNativeTarget "EUExWheelPickView" */ = {
			isa = XCConfigurationList;
			buildConfigurations = (
				090671B51CC71BF300C80599 /* Debug */,
				090671B61CC71BF300C80599 /* Release */,
			);
			defaultConfigurationIsVisible = 0;
			defaultConfigurationName = Release;
		};
/* End XCConfigurationList section */
	};
	rootObject = 090671A31CC71BF200C80599 /* Project object */;
}
